
Microsoft Visual Studio Solution File, Format Version 10.00
# Visual Studio 2008
Project("{8BC9CEB8-8B4A-11D0-8D11-00A0C91BC942}") = "Core", "Core\Core.vcproj", "{7459AC24-C140-4181-A958-896233AC78A3}"
EndProject
Project("{2150E333-8FDC-42A3-9474-1A3956D46DE8}") = "Engine", "Engine", "{79E9C509-9DC5-4822-9D97-3B70E8A66462}"
EndProject
Project("{2150E333-8FDC-42A3-9474-1A3956D46DE8}") = "Games", "Games", "{2F2AC901-C818-45B0-82E3-4F2DA940F123}"
EndProject
Project("{8BC9CEB8-8B4A-11D0-8D11-00A0C91BC942}") = "TestCore", "TestCore\TestCore.vcproj", "{10713E26-76B0-4B72-8680-1797BFFBAF63}"
	ProjectSection(ProjectDependencies) = postProject
		{7459AC24-C140-4181-A958-896233AC78A3} = {7459AC24-C140-4181-A958-896233AC78A3}
	EndProjectSection
EndProject
Project("{8BC9CEB8-8B4A-11D0-8D11-00A0C91BC942}") = "D3D9Drv", "D3D9Drv\D3D9Drv.vcproj", "{F3786F8E-9936-44A9-81E4-CB2862766232}"
	ProjectSection(ProjectDependencies) = postProject
		{7459AC24-C140-4181-A958-896233AC78A3} = {7459AC24-C140-4181-A958-896233AC78A3}
		{FEA3352B-73DB-4486-BEFE-A61B2707E3CC} = {FEA3352B-73DB-4486-BEFE-A61B2707E3CC}
	EndProjectSection
EndProject
Project("{2150E333-8FDC-42A3-9474-1A3956D46DE8}") = "Document", "Document", "{07BF081B-0201-4C02-92BA-07CE588A44BE}"
	ProjectSection(SolutionItems) = preProject
		DevDoc\Framework.vsd = DevDoc\Framework.vsd
		DevDoc\Log模块详细设计.txt = DevDoc\Log模块详细设计.txt
		DevDoc\MATERIAL PACKAGE.vsd = DevDoc\MATERIAL PACKAGE.vsd
		DevDoc\基本渲染流程.txt = DevDoc\基本渲染流程.txt
		DevDoc\工作日志.txt = DevDoc\工作日志.txt
		DevDoc\工程配置框架说明.txt = DevDoc\工程配置框架说明.txt
		DevDoc\材质系统.txt = DevDoc\材质系统.txt
		DevDoc\编程规范.txt = DevDoc\编程规范.txt
	EndProjectSection
EndProject
Project("{2150E333-8FDC-42A3-9474-1A3956D46DE8}") = "GameDemo", "GameDemo", "{F48B07B4-75E5-4B04-85EA-DC1EF6D5BFCB}"
EndProject
Project("{8BC9CEB8-8B4A-11D0-8D11-00A0C91BC942}") = "GameDemo", "GameDemo\GameDemo.vcproj", "{1C7E0BCA-8429-4943-A3DC-69B0654AE38B}"
	ProjectSection(ProjectDependencies) = postProject
		{7459AC24-C140-4181-A958-896233AC78A3} = {7459AC24-C140-4181-A958-896233AC78A3}
		{FEA3352B-73DB-4486-BEFE-A61B2707E3CC} = {FEA3352B-73DB-4486-BEFE-A61B2707E3CC}
		{F3786F8E-9936-44A9-81E4-CB2862766232} = {F3786F8E-9936-44A9-81E4-CB2862766232}
		{535F3FF6-9F0D-4E29-BC6C-D43A6CCD2AE8} = {535F3FF6-9F0D-4E29-BC6C-D43A6CCD2AE8}
	EndProjectSection
EndProject
Project("{8BC9CEB8-8B4A-11D0-8D11-00A0C91BC942}") = "Engine", "Engine\Engine.vcproj", "{FEA3352B-73DB-4486-BEFE-A61B2707E3CC}"
	ProjectSection(ProjectDependencies) = postProject
		{7459AC24-C140-4181-A958-896233AC78A3} = {7459AC24-C140-4181-A958-896233AC78A3}
	EndProjectSection
EndProject
Project("{2150E333-8FDC-42A3-9474-1A3956D46DE8}") = "Platform", "Platform", "{0C3E3916-36C0-4600-ADF6-E02C120F3161}"
EndProject
Project("{2150E333-8FDC-42A3-9474-1A3956D46DE8}") = "Schedule", "Schedule", "{733561D3-37AA-4D6C-AC68-F7D5D43E3EEE}"
	ProjectSection(SolutionItems) = preProject
		DevDoc\Core Schedule.txt = DevDoc\Core Schedule.txt
	EndProjectSection
EndProject
Project("{8BC9CEB8-8B4A-11D0-8D11-00A0C91BC942}") = "Launch", "Launch\Launch.vcproj", "{535F3FF6-9F0D-4E29-BC6C-D43A6CCD2AE8}"
	ProjectSection(ProjectDependencies) = postProject
		{7459AC24-C140-4181-A958-896233AC78A3} = {7459AC24-C140-4181-A958-896233AC78A3}
		{FEA3352B-73DB-4486-BEFE-A61B2707E3CC} = {FEA3352B-73DB-4486-BEFE-A61B2707E3CC}
		{F3786F8E-9936-44A9-81E4-CB2862766232} = {F3786F8E-9936-44A9-81E4-CB2862766232}
	EndProjectSection
EndProject
Global
	GlobalSection(SolutionConfigurationPlatforms) = preSolution
		Debug|Win32 = Debug|Win32
		Release|Win32 = Release|Win32
		Shipping|Win32 = Shipping|Win32
	EndGlobalSection
	GlobalSection(ProjectConfigurationPlatforms) = postSolution
		{7459AC24-C140-4181-A958-896233AC78A3}.Debug|Win32.ActiveCfg = Debug|Win32
		{7459AC24-C140-4181-A958-896233AC78A3}.Debug|Win32.Build.0 = Debug|Win32
		{7459AC24-C140-4181-A958-896233AC78A3}.Release|Win32.ActiveCfg = Release|Win32
		{7459AC24-C140-4181-A958-896233AC78A3}.Release|Win32.Build.0 = Release|Win32
		{7459AC24-C140-4181-A958-896233AC78A3}.Shipping|Win32.ActiveCfg = Shipping|Win32
		{7459AC24-C140-4181-A958-896233AC78A3}.Shipping|Win32.Build.0 = Shipping|Win32
		{10713E26-76B0-4B72-8680-1797BFFBAF63}.Debug|Win32.ActiveCfg = Debug|Win32
		{10713E26-76B0-4B72-8680-1797BFFBAF63}.Debug|Win32.Build.0 = Debug|Win32
		{10713E26-76B0-4B72-8680-1797BFFBAF63}.Release|Win32.ActiveCfg = Release|Win32
		{10713E26-76B0-4B72-8680-1797BFFBAF63}.Release|Win32.Build.0 = Release|Win32
		{10713E26-76B0-4B72-8680-1797BFFBAF63}.Shipping|Win32.ActiveCfg = Shipping|Win32
		{10713E26-76B0-4B72-8680-1797BFFBAF63}.Shipping|Win32.Build.0 = Shipping|Win32
		{F3786F8E-9936-44A9-81E4-CB2862766232}.Debug|Win32.ActiveCfg = Debug|Win32
		{F3786F8E-9936-44A9-81E4-CB2862766232}.Debug|Win32.Build.0 = Debug|Win32
		{F3786F8E-9936-44A9-81E4-CB2862766232}.Release|Win32.ActiveCfg = Release|Win32
		{F3786F8E-9936-44A9-81E4-CB2862766232}.Release|Win32.Build.0 = Release|Win32
		{F3786F8E-9936-44A9-81E4-CB2862766232}.Shipping|Win32.ActiveCfg = Shipping|Win32
		{F3786F8E-9936-44A9-81E4-CB2862766232}.Shipping|Win32.Build.0 = Shipping|Win32
		{1C7E0BCA-8429-4943-A3DC-69B0654AE38B}.Debug|Win32.ActiveCfg = Debug|Win32
		{1C7E0BCA-8429-4943-A3DC-69B0654AE38B}.Debug|Win32.Build.0 = Debug|Win32
		{1C7E0BCA-8429-4943-A3DC-69B0654AE38B}.Release|Win32.ActiveCfg = Release|Win32
		{1C7E0BCA-8429-4943-A3DC-69B0654AE38B}.Release|Win32.Build.0 = Release|Win32
		{1C7E0BCA-8429-4943-A3DC-69B0654AE38B}.Shipping|Win32.ActiveCfg = Release|Win32
		{1C7E0BCA-8429-4943-A3DC-69B0654AE38B}.Shipping|Win32.Build.0 = Release|Win32
		{FEA3352B-73DB-4486-BEFE-A61B2707E3CC}.Debug|Win32.ActiveCfg = Debug|Win32
		{FEA3352B-73DB-4486-BEFE-A61B2707E3CC}.Debug|Win32.Build.0 = Debug|Win32
		{FEA3352B-73DB-4486-BEFE-A61B2707E3CC}.Release|Win32.ActiveCfg = Release|Win32
		{FEA3352B-73DB-4486-BEFE-A61B2707E3CC}.Release|Win32.Build.0 = Release|Win32
		{FEA3352B-73DB-4486-BEFE-A61B2707E3CC}.Shipping|Win32.ActiveCfg = Release|Win32
		{FEA3352B-73DB-4486-BEFE-A61B2707E3CC}.Shipping|Win32.Build.0 = Release|Win32
		{535F3FF6-9F0D-4E29-BC6C-D43A6CCD2AE8}.Debug|Win32.ActiveCfg = Debug|Win32
		{535F3FF6-9F0D-4E29-BC6C-D43A6CCD2AE8}.Debug|Win32.Build.0 = Debug|Win32
		{535F3FF6-9F0D-4E29-BC6C-D43A6CCD2AE8}.Release|Win32.ActiveCfg = Release|Win32
		{535F3FF6-9F0D-4E29-BC6C-D43A6CCD2AE8}.Release|Win32.Build.0 = Release|Win32
		{535F3FF6-9F0D-4E29-BC6C-D43A6CCD2AE8}.Shipping|Win32.ActiveCfg = Release|Win32
		{535F3FF6-9F0D-4E29-BC6C-D43A6CCD2AE8}.Shipping|Win32.Build.0 = Release|Win32
	EndGlobalSection
	GlobalSection(SolutionProperties) = preSolution
		HideSolutionNode = FALSE
	EndGlobalSection
	GlobalSection(NestedProjects) = preSolution
		{7459AC24-C140-4181-A958-896233AC78A3} = {79E9C509-9DC5-4822-9D97-3B70E8A66462}
		{FEA3352B-73DB-4486-BEFE-A61B2707E3CC} = {79E9C509-9DC5-4822-9D97-3B70E8A66462}
		{535F3FF6-9F0D-4E29-BC6C-D43A6CCD2AE8} = {79E9C509-9DC5-4822-9D97-3B70E8A66462}
		{10713E26-76B0-4B72-8680-1797BFFBAF63} = {2F2AC901-C818-45B0-82E3-4F2DA940F123}
		{F48B07B4-75E5-4B04-85EA-DC1EF6D5BFCB} = {2F2AC901-C818-45B0-82E3-4F2DA940F123}
		{F3786F8E-9936-44A9-81E4-CB2862766232} = {0C3E3916-36C0-4600-ADF6-E02C120F3161}
		{733561D3-37AA-4D6C-AC68-F7D5D43E3EEE} = {07BF081B-0201-4C02-92BA-07CE588A44BE}
		{1C7E0BCA-8429-4943-A3DC-69B0654AE38B} = {F48B07B4-75E5-4B04-85EA-DC1EF6D5BFCB}
	EndGlobalSection
EndGlobal
